Microsoft Visual Studio Solution File, Format Version 11.00
# Visual Studio 2008

Project("{BF7CCB61-70D3-FFD2-0319-66825B8CA7F1}") = "Splash-Dash", "Assembly-CSharp-firstpass.csproj", "{5585ECB8-3FF3-981E-AE0A-01ACE5644330}"
EndProject
Project("{BF7CCB61-70D3-FFD2-0319-66825B8CA7F1}") = "Splash-Dash", "Assembly-CSharp.csproj", "{0C274E69-2B4A-15B9-F6BD-DD4F835EC975}"
EndProject
Project("{BF7CCB61-70D3-FFD2-0319-66825B8CA7F1}") = "Splash-Dash", "Assembly-CSharp-Editor.csproj", "{625684B8-78A2-622A-7595-509DB1D85220}"
EndProject
Global
	GlobalSection(SolutionConfigurationPlatforms) = preSolution
		Debug|Any CPU = Debug|Any CPU
		Release|Any CPU = Release|Any CPU
	EndGlobalSection
	GlobalSection(ProjectConfigurationPlatforms) = postSolution
		{5585ECB8-3FF3-981E-AE0A-01ACE5644330}.Debug|Any CPU.ActiveCfg = Debug|Any CPU
		{5585ECB8-3FF3-981E-AE0A-01ACE5644330}.Debug|Any CPU.Build.0 = Debug|Any CPU
		{5585ECB8-3FF3-981E-AE0A-01ACE5644330}.Release|Any CPU.ActiveCfg = Release|Any CPU
		{5585ECB8-3FF3-981E-AE0A-01ACE5644330}.Release|Any CPU.Build.0 = Release|Any CPU
		{0C274E69-2B4A-15B9-F6BD-DD4F835EC975}.Debug|Any CPU.ActiveCfg = Debug|Any CPU
		{0C274E69-2B4A-15B9-F6BD-DD4F835EC975}.Debug|Any CPU.Build.0 = Debug|Any CPU
		{0C274E69-2B4A-15B9-F6BD-DD4F835EC975}.Release|Any CPU.ActiveCfg = Release|Any CPU
		{0C274E69-2B4A-15B9-F6BD-DD4F835EC975}.Release|Any CPU.Build.0 = Release|Any CPU
		{625684B8-78A2-622A-7595-509DB1D85220}.Debug|Any CPU.ActiveCfg = Debug|Any CPU
		{625684B8-78A2-622A-7595-509DB1D85220}.Debug|Any CPU.Build.0 = Debug|Any CPU
		{625684B8-78A2-622A-7595-509DB1D85220}.Release|Any CPU.ActiveCfg = Release|Any CPU
		{625684B8-78A2-622A-7595-509DB1D85220}.Release|Any CPU.Build.0 = Release|Any CPU
	EndGlobalSection
	GlobalSection(SolutionProperties) = preSolution
		HideSolutionNode = FALSE
	EndGlobalSection
			GlobalSection(MonoDevelopProperties) = preSolution
		StartupItem = Assembly-CSharp.csproj
		Policies = $0
		$0.TextStylePolicy = $1
		$1.inheritsSet = null
		$1.scope = text/x-csharp
		$0.CSharpFormattingPolicy = $2
		$2.inheritsSet = Mono
		$2.inheritsScope = text/x-csharp
		$2.scope = text/x-csharp
		$0.TextStylePolicy = $3
		$3.FileWidth = 120
		$3.TabWidth = 4
		$3.IndentWidth = 4
		$3.EolMarker = Unix
		$3.inheritsSet = Mono
		$3.inheritsScope = text/plain
		$3.scope = text/plain
	EndGlobalSection

EndGlobal
